
Microsoft Visual Studio Solution File, Format Version 12.00
# Visual Studio Version 16
VisualStudioVersion = 16.0.33027.164
MinimumVisualStudioVersion = 10.0.40219.1
Project("{FAE04EC0-301F-11D3-BF4B-00C04F79EFBC}") = "prueba4_1", "prueba4_1\prueba4_1.csproj", "{C7090B23-D766-4687-B08F-05CE5A5EC9EC}"
EndProject
Global
	GlobalSection(SolutionConfigurationPlatforms) = preSolution
		Debug|Any CPU = Debug|Any CPU
		Release|Any CPU = Release|Any CPU
	EndGlobalSection
	GlobalSection(ProjectConfigurationPlatforms) = postSolution
		{C7090B23-D766-4687-B08F-05CE5A5EC9EC}.Debug|Any CPU.ActiveCfg = Debug|Any CPU
		{C7090B23-D766-4687-B08F-05CE5A5EC9EC}.Debug|Any CPU.Build.0 = Debug|Any CPU
		{C7090B23-D766-4687-B08F-05CE5A5EC9EC}.Release|Any CPU.ActiveCfg = Release|Any CPU
		{C7090B23-D766-4687-B08F-05CE5A5EC9EC}.Release|Any CPU.Build.0 = Release|Any CPU
	EndGlobalSection
	GlobalSection(SolutionProperties) = preSolution
		HideSolutionNode = FALSE
	EndGlobalSection
	GlobalSection(ExtensibilityGlobals) = postSolution
		SolutionGuid = {27F757A0-190D-4B47-A5FE-C9498E9902CB}
	EndGlobalSection
EndGlobal
